{
  "name": "animationservice",
  "lockfileVersion": 3,
  "requires": true,
  "packages": {
    "": {
      "dependencies": {
        "openrct2-flexui": "^0.1.0-prerelease.20"
      }
    },
    "node_modules/openrct2-flexui": {
      "version": "0.1.0-prerelease.20",
      "resolved": "https://registry.npmjs.org/openrct2-flexui/-/openrct2-flexui-0.1.0-prerelease.20.tgz",
      "integrity": "sha512-yKBPLjsztQVDwrgs52N5bfPOgByYz4wfF5ukROOdEj+1gKzwIHR4zrjdwmyehGWHYKM7w8Ax5bd8PrCnhg+6Qg=="
    }
  }
}
